// !$*UTF8*$!
{
	archiveVersion = 1;
	classes = {
	};
	objectVersion = 55;
	objects = {

/* Begin PBXBuildFile section */
		D04034BE293748E3006B2048 /* AppDelegate.swift in Sources */ = {isa = PBXBuildFile; fileRef = D04034BD293748E3006B2048 /* AppDelegate.swift */; };
		D04034C0293748E3006B2048 /* SceneDelegate.swift in Sources */ = {isa = PBXBuildFile; fileRef = D04034BF293748E3006B2048 /* SceneDelegate.swift */; };
		D04034C2293748E3006B2048 /* ViewController.swift in Sources */ = {isa = PBXBuildFile; fileRef = D04034C1293748E3006B2048 /* ViewController.swift */; };
		D04034C5293748E3006B2048 /* Main.storyboard in Resources */ = {isa = PBXBuildFile; fileRef = D04034C3293748E3006B2048 /* Main.storyboard */; };
		D04034C7293748E4006B2048 /* Assets.xcassets in Resources */ = {isa = PBXBuildFile; fileRef = D04034C6293748E4006B2048 /* Assets.xcassets */; };
		D04034CA293748E4006B2048 /* LaunchScreen.storyboard in Resources */ = {isa = PBXBuildFile; fileRef = D04034C8293748E4006B2048 /* LaunchScreen.storyboard */; };
		D04034D22937622E006B2048 /* ViewController2.swift in Sources */ = {isa = PBXBuildFile; fileRef = D04034D12937622E006B2048 /* ViewController2.swift */; };
		D04034D429376281006B2048 /* ViewController3.swift in Sources */ = {isa = PBXBuildFile; fileRef = D04034D329376281006B2048 /* ViewController3.swift */; };
		D04034D6293762C6006B2048 /* ViewController4.swift in Sources */ = {isa = PBXBuildFile; fileRef = D04034D5293762C6006B2048 /* ViewController4.swift */; };
		D04034D8293762EF006B2048 /* ViewController5.swift in Sources */ = {isa = PBXBuildFile; fileRef = D04034D7293762EF006B2048 /* ViewController5.swift */; };
		D04034DA29376307006B2048 /* ViewController6.swift in Sources */ = {isa = PBXBuildFile; fileRef = D04034D929376307006B2048 /* ViewController6.swift */; };
		D04034DC29376322006B2048 /* ViewController7.swift in Sources */ = {isa = PBXBuildFile; fileRef = D04034DB29376322006B2048 /* ViewController7.swift */; };
		D04034DE29376347006B2048 /* ViewController8.swift in Sources */ = {isa = PBXBuildFile; fileRef = D04034DD29376347006B2048 /* ViewController8.swift */; };
		D04034E02937636B006B2048 /* ViewController9.swift in Sources */ = {isa = PBXBuildFile; fileRef = D04034DF2937636B006B2048 /* ViewController9.swift */; };
		D04034E229376386006B2048 /* ViewController10.swift in Sources */ = {isa = PBXBuildFile; fileRef = D04034E129376386006B2048 /* ViewController10.swift */; };
		D049A4ABF4C1DB2B2084A5F9 /* Pods_TabmanPractice.framework in Frameworks */ = {isa = PBXBuildFile; fileRef = 9A019CE314AA86D7DDE3C622 /* Pods_TabmanPractice.framework */; };
/* End PBXBuildFile section */

/* Begin PBXFileReference section */
		7D3EE665DE448E2B4D669AC5 /* Pods-TabmanPractice.debug.xcconfig */ = {isa = PBXFileReference; includeInIndex = 1; lastKnownFileType = text.xcconfig; name = "Pods-TabmanPractice.debug.xcconfig"; path = "Target Support Files/Pods-TabmanPractice/Pods-TabmanPractice.debug.xcconfig"; sourceTree = "<group>"; };
		9A019CE314AA86D7DDE3C622 /* Pods_TabmanPractice.framework */ = {isa = PBXFileReference; explicitFileType = wrapper.framework; includeInIndex = 0; path = Pods_TabmanPractice.framework; sourceTree = BUILT_PRODUCTS_DIR; };
		D04034BA293748E3006B2048 /* TabmanPractice.app */ = {isa = PBXFileReference; explicitFileType = wrapper.application; includeInIndex = 0; path = TabmanPractice.app; sourceTree = BUILT_PRODUCTS_DIR; };
		D04034BD293748E3006B2048 /* AppDelegate.swift */ = {isa = PBXFileReference; lastKnownFileType = sourcecode.swift; path = AppDelegate.swift; sourceTree = "<group>"; };
		D04034BF293748E3006B2048 /* SceneDelegate.swift */ = {isa = PBXFileReference; lastKnownFileType = sourcecode.swift; path = SceneDelegate.swift; sourceTree = "<group>"; };
		D04034C1293748E3006B2048 /* ViewController.swift */ = {isa = PBXFileReference; lastKnownFileType = sourcecode.swift; path = ViewController.swift; sourceTree = "<group>"; };
		D04034C4293748E3006B2048 /* Base */ = {isa = PBXFileReference; lastKnownFileType = file.storyboard; name = Base; path = Base.lproj/Main.storyboard; sourceTree = "<group>"; };
		D04034C6293748E4006B2048 /* Assets.xcassets */ = {isa = PBXFileReference; lastKnownFileType = folder.assetcatalog; path = Assets.xcassets; sourceTree = "<group>"; };
		D04034C9293748E4006B2048 /* Base */ = {isa = PBXFileReference; lastKnownFileType = file.storyboard; name = Base; path = Base.lproj/LaunchScreen.storyboard; sourceTree = "<group>"; };
		D04034CB293748E4006B2048 /* Info.plist */ = {isa = PBXFileReference; lastKnownFileType = text.plist.xml; path = Info.plist; sourceTree = "<group>"; };
		D04034D12937622E006B2048 /* ViewController2.swift */ = {isa = PBXFileReference; lastKnownFileType = sourcecode.swift; path = ViewController2.swift; sourceTree = "<group>"; };
		D04034D329376281006B2048 /* ViewController3.swift */ = {isa = PBXFileReference; lastKnownFileType = sourcecode.swift; path = ViewController3.swift; sourceTree = "<group>"; };
		D04034D5293762C6006B2048 /* ViewController4.swift */ = {isa = PBXFileReference; lastKnownFileType = sourcecode.swift; path = ViewController4.swift; sourceTree = "<group>"; };
		D04034D7293762EF006B2048 /* ViewController5.swift */ = {isa = PBXFileReference; lastKnownFileType = sourcecode.swift; path = ViewController5.swift; sourceTree = "<group>"; };
		D04034D929376307006B2048 /* ViewController6.swift */ = {isa = PBXFileReference; lastKnownFileType = sourcecode.swift; path = ViewController6.swift; sourceTree = "<group>"; };
		D04034DB29376322006B2048 /* ViewController7.swift */ = {isa = PBXFileReference; lastKnownFileType = sourcecode.swift; path = ViewController7.swift; sourceTree = "<group>"; };
		D04034DD29376347006B2048 /* ViewController8.swift */ = {isa = PBXFileReference; lastKnownFileType = sourcecode.swift; path = ViewController8.swift; sourceTree = "<group>"; };
		D04034DF2937636B006B2048 /* ViewController9.swift */ = {isa = PBXFileReference; lastKnownFileType = sourcecode.swift; path = ViewController9.swift; sourceTree = "<group>"; };
		D04034E129376386006B2048 /* ViewController10.swift */ = {isa = PBXFileReference; lastKnownFileType = sourcecode.swift; path = ViewController10.swift; sourceTree = "<group>"; };
		FE8CBEF9595AA7DC5DE208B6 /* Pods-TabmanPractice.release.xcconfig */ = {isa = PBXFileReference; includeInIndex = 1; lastKnownFileType = text.xcconfig; name = "Pods-TabmanPractice.release.xcconfig"; path = "Target Support Files/Pods-TabmanPractice/Pods-TabmanPractice.release.xcconfig"; sourceTree = "<group>"; };
/* End PBXFileReference section */

/* Begin PBXFrameworksBuildPhase section */
		D04034B7293748E3006B2048 /* Frameworks */ = {
			isa = PBXFrameworksBuildPhase;
			buildActionMask = 2147483647;
			files = (
				D049A4ABF4C1DB2B2084A5F9 /* Pods_TabmanPractice.framework in Frameworks */,
			);
			runOnlyForDeploymentPostprocessing = 0;
		};
/* End PBXFrameworksBuildPhase section */

/* Begin PBXGroup section */
		00B225A0D4AD8594589E0521 /* Pods */ = {
			isa = PBXGroup;
			children = (
				7D3EE665DE448E2B4D669AC5 /* Pods-TabmanPractice.debug.xcconfig */,
				FE8CBEF9595AA7DC5DE208B6 /* Pods-TabmanPractice.release.xcconfig */,
			);
			path = Pods;
			sourceTree = "<group>";
		};
		BE04D40F19263752F1059E44 /* Frameworks */ = {
			isa = PBXGroup;
			children = (
				9A019CE314AA86D7DDE3C622 /* Pods_TabmanPractice.framework */,
			);
			name = Frameworks;
			sourceTree = "<group>";
		};
		D04034B1293748E3006B2048 = {
			isa = PBXGroup;
			children = (
				D04034BC293748E3006B2048 /* TabmanPractice */,
				D04034BB293748E3006B2048 /* Products */,
				00B225A0D4AD8594589E0521 /* Pods */,
				BE04D40F19263752F1059E44 /* Frameworks */,
			);
			sourceTree = "<group>";
		};
		D04034BB293748E3006B2048 /* Products */ = {
			isa = PBXGroup;
			children = (
				D04034BA293748E3006B2048 /* TabmanPractice.app */,
			);
			name = Products;
			sourceTree = "<group>";
		};
		D04034BC293748E3006B2048 /* TabmanPractice */ = {
			isa = PBXGroup;
			children = (
				D04034BD293748E3006B2048 /* AppDelegate.swift */,
				D04034BF293748E3006B2048 /* SceneDelegate.swift */,
				D04034E3293763C0006B2048 /* Resource */,
				D04034E4293763DA006B2048 /* View */,
				D04034CB293748E4006B2048 /* Info.plist */,
			);
			path = TabmanPractice;
			sourceTree = "<group>";
		};
		D04034E3293763C0006B2048 /* Resource */ = {
			isa = PBXGroup;
			children = (
				D04034C1293748E3006B2048 /* ViewController.swift */,
				D04034D12937622E006B2048 /* ViewController2.swift */,
				D04034D329376281006B2048 /* ViewController3.swift */,
				D04034D5293762C6006B2048 /* ViewController4.swift */,
				D04034D7293762EF006B2048 /* ViewController5.swift */,
				D04034D929376307006B2048 /* ViewController6.swift */,
				D04034DB29376322006B2048 /* ViewController7.swift */,
				D04034DD29376347006B2048 /* ViewController8.swift */,
				D04034DF2937636B006B2048 /* ViewController9.swift */,
				D04034E129376386006B2048 /* ViewController10.swift */,
			);
			path = Resource;
			sourceTree = "<group>";
		};
		D04034E4293763DA006B2048 /* View */ = {
			isa = PBXGroup;
			children = (
				D04034C3293748E3006B2048 /* Main.storyboard */,
				D04034C6293748E4006B2048 /* Assets.xcassets */,
				D04034C8293748E4006B2048 /* LaunchScreen.storyboard */,
			);
			path = View;
			sourceTree = "<group>";
		};
/* End PBXGroup section */

/* Begin PBXNativeTarget section */
		D04034B9293748E3006B2048 /* TabmanPractice */ = {
			isa = PBXNativeTarget;
			buildConfigurationList = D04034CE293748E4006B2048 /* Build configuration list for PBXNativeTarget "TabmanPractice" */;
			buildPhases = (
				AD054C09FA891AB501B762E1 /* [CP] Check Pods Manifest.lock */,
				D04034B6293748E3006B2048 /* Sources */,
				D04034B7293748E3006B2048 /* Frameworks */,
				D04034B8293748E3006B2048 /* Resources */,
				D992C45BC0B268271C262543 /* [CP] Embed Pods Frameworks */,
			);
			buildRules = (
			);
			dependencies = (
			);
			name = TabmanPractice;
			productName = TabmanPractice;
			productReference = D04034BA293748E3006B2048 /* TabmanPractice.app */;
			productType = "com.apple.product-type.application";
		};
/* End PBXNativeTarget section */

/* Begin PBXProject section */
		D04034B2293748E3006B2048 /* Project object */ = {
			isa = PBXProject;
			attributes = {
				BuildIndependentTargetsInParallel = 1;
				LastSwiftUpdateCheck = 1340;
				LastUpgradeCheck = 1340;
				TargetAttributes = {
					D04034B9293748E3006B2048 = {
						CreatedOnToolsVersion = 13.4.1;
					};
				};
			};
			buildConfigurationList = D04034B5293748E3006B2048 /* Build configuration list for PBXProject "TabmanPractice" */;
			compatibilityVersion = "Xcode 13.0";
			developmentRegion = en;
			hasScannedForEncodings = 0;
			knownRegions = (
				en,
				Base,
			);
			mainGroup = D04034B1293748E3006B2048;
			productRefGroup = D04034BB293748E3006B2048 /* Products */;
			projectDirPath = "";
			projectRoot = "";
			targets = (
				D04034B9293748E3006B2048 /* TabmanPractice */,
			);
		};
/* End PBXProject section */

/* Begin PBXResourcesBuildPhase section */
		D04034B8293748E3006B2048 /* Resources */ = {
			isa = PBXResourcesBuildPhase;
			buildActionMask = 2147483647;
			files = (
				D04034CA293748E4006B2048 /* LaunchScreen.storyboard in Resources */,
				D04034C7293748E4006B2048 /* Assets.xcassets in Resources */,
				D04034C5293748E3006B2048 /* Main.storyboard in Resources */,
			);
			runOnlyForDeploymentPostprocessing = 0;
		};
/* End PBXResourcesBuildPhase section */

/* Begin PBXShellScriptBuildPhase section */
		AD054C09FA891AB501B762E1 /* [CP] Check Pods Manifest.lock */ = {
			isa = PBXShellScriptBuildPhase;
			buildActionMask = 2147483647;
			files = (
			);
			inputFileListPaths = (
			);
			inputPaths = (
				"${PODS_PODFILE_DIR_PATH}/Podfile.lock",
				"${PODS_ROOT}/Manifest.lock",
			);
			name = "[CP] Check Pods Manifest.lock";
			outputFileListPaths = (
			);
			outputPaths = (
				"$(DERIVED_FILE_DIR)/Pods-TabmanPractice-checkManifestLockResult.txt",
			);
			runOnlyForDeploymentPostprocessing = 0;
			shellPath = /bin/sh;
			shellScript = "diff \"${PODS_PODFILE_DIR_PATH}/Podfile.lock\" \"${PODS_ROOT}/Manifest.lock\" > /dev/null\nif [ $? != 0 ] ; then\n    # print error to STDERR\n    echo \"error: The sandbox is not in sync with the Podfile.lock. Run 'pod install' or update your CocoaPods installation.\" >&2\n    exit 1\nfi\n# This output is used by Xcode 'outputs' to avoid re-running this script phase.\necho \"SUCCESS\" > \"${SCRIPT_OUTPUT_FILE_0}\"\n";
			showEnvVarsInLog = 0;
		};
		D992C45BC0B268271C262543 /* [CP] Embed Pods Frameworks */ = {
			isa = PBXShellScriptBuildPhase;
			buildActionMask = 2147483647;
			files = (
			);
			inputFileListPaths = (
				"${PODS_ROOT}/Target Support Files/Pods-TabmanPractice/Pods-TabmanPractice-frameworks-${CONFIGURATION}-input-files.xcfilelist",
			);
			name = "[CP] Embed Pods Frameworks";
			outputFileListPaths = (
				"${PODS_ROOT}/Target Support Files/Pods-TabmanPractice/Pods-TabmanPractice-frameworks-${CONFIGURATION}-output-files.xcfilelist",
			);
			runOnlyForDeploymentPostprocessing = 0;
			shellPath = /bin/sh;
			shellScript = "\"${PODS_ROOT}/Target Support Files/Pods-TabmanPractice/Pods-TabmanPractice-frameworks.sh\"\n";
			showEnvVarsInLog = 0;
		};
/* End PBXShellScriptBuildPhase section */

/* Begin PBXSourcesBuildPhase section */
		D04034B6293748E3006B2048 /* Sources */ = {
			isa = PBXSourcesBuildPhase;
			buildActionMask = 2147483647;
			files = (
				D04034D429376281006B2048 /* ViewController3.swift in Sources */,
				D04034D6293762C6006B2048 /* ViewController4.swift in Sources */,
				D04034C2293748E3006B2048 /* ViewController.swift in Sources */,
				D04034D22937622E006B2048 /* ViewController2.swift in Sources */,
				D04034BE293748E3006B2048 /* AppDelegate.swift in Sources */,
				D04034E02937636B006B2048 /* ViewController9.swift in Sources */,
				D04034DA29376307006B2048 /* ViewController6.swift in Sources */,
				D04034DC29376322006B2048 /* ViewController7.swift in Sources */,
				D04034DE29376347006B2048 /* ViewController8.swift in Sources */,
				D04034E229376386006B2048 /* ViewController10.swift in Sources */,
				D04034C0293748E3006B2048 /* SceneDelegate.swift in Sources */,
				D04034D8293762EF006B2048 /* ViewController5.swift in Sources */,
			);
			runOnlyForDeploymentPostprocessing = 0;
		};
/* End PBXSourcesBuildPhase section */

/* Begin PBXVariantGroup section */
		D04034C3293748E3006B2048 /* Main.storyboard */ = {
			isa = PBXVariantGroup;
			children = (
				D04034C4293748E3006B2048 /* Base */,
			);
			name = Main.storyboard;
			sourceTree = "<group>";
		};
		D04034C8293748E4006B2048 /* LaunchScreen.storyboard */ = {
			isa = PBXVariantGroup;
			children = (
				D04034C9293748E4006B2048 /* Base */,
			);
			name = LaunchScreen.storyboard;
			sourceTree = "<group>";
		};
/* End PBXVariantGroup section */

/* Begin XCBuildConfiguration section */
		D04034CC293748E4006B2048 /* Debug */ = {
			isa = XCBuildConfiguration;
			buildSettings = {
				ALWAYS_SEARCH_USER_PATHS = NO;
				CLANG_ANALYZER_NONNULL = YES;
				CLANG_ANALYZER_NUMBER_OBJECT_CONVERSION = YES_AGGRESSIVE;
				CLANG_CXX_LANGUAGE_STANDARD = "gnu++17";
				CLANG_ENABLE_MODULES = YES;
				CLANG_ENABLE_OBJC_ARC = YES;
				CLANG_ENABLE_OBJC_WEAK = YES;
				CLANG_WARN_BLOCK_CAPTURE_AUTORELEASING = YES;
				CLANG_WARN_BOOL_CONVERSION = YES;
				CLANG_WARN_COMMA = YES;
				CLANG_WARN_CONSTANT_CONVERSION = YES;
				CLANG_WARN_DEPRECATED_OBJC_IMPLEMENTATIONS = YES;
				CLANG_WARN_DIRECT_OBJC_ISA_USAGE = YES_ERROR;
				CLANG_WARN_DOCUMENTATION_COMMENTS = YES;
				CLANG_WARN_EMPTY_BODY = YES;
				CLANG_WARN_ENUM_CONVERSION = YES;
				CLANG_WARN_INFINITE_RECURSION = YES;
				CLANG_WARN_INT_CONVERSION = YES;
				CLANG_WARN_NON_LITERAL_NULL_CONVERSION = YES;
				CLANG_WARN_OBJC_IMPLICIT_RETAIN_SELF = YES;
				CLANG_WARN_OBJC_LITERAL_CONVERSION = YES;
				CLANG_WARN_OBJC_ROOT_CLASS = YES_ERROR;
				CLANG_WARN_QUOTED_INCLUDE_IN_FRAMEWORK_HEADER = YES;
				CLANG_WARN_RANGE_LOOP_ANALYSIS = YES;
				CLANG_WARN_STRICT_PROTOTYPES = YES;
				CLANG_WARN_SUSPICIOUS_MOVE = YES;
				CLANG_WARN_UNGUARDED_AVAILABILITY = YES_AGGRESSIVE;
				CLANG_WARN_UNREACHABLE_CODE = YES;
				CLANG_WARN__DUPLICATE_METHOD_MATCH = YES;
				COPY_PHASE_STRIP = NO;
				DEBUG_INFORMATION_FORMAT = dwarf;
				ENABLE_STRICT_OBJC_MSGSEND = YES;
				ENABLE_TESTABILITY = YES;
				GCC_C_LANGUAGE_STANDARD = gnu11;
				GCC_DYNAMIC_NO_PIC = NO;
				GCC_NO_COMMON_BLOCKS = YES;
				GCC_OPTIMIZATION_LEVEL = 0;
				GCC_PREPROCESSOR_DEFINITIONS = (
					"DEBUG=1",
					"$(inherited)",
				);
				GCC_WARN_64_TO_32_BIT_CONVERSION = YES;
				GCC_WARN_ABOUT_RETURN_TYPE = YES_ERROR;
				GCC_WARN_UNDECLARED_SELECTOR = YES;
				GCC_WARN_UNINITIALIZED_AUTOS = YES_AGGRESSIVE;
				GCC_WARN_UNUSED_FUNCTION = YES;
				GCC_WARN_UNUSED_VARIABLE = YES;
				IPHONEOS_DEPLOYMENT_TARGET = 15.5;
				MTL_ENABLE_DEBUG_INFO = INCLUDE_SOURCE;
				MTL_FAST_MATH = YES;
				ONLY_ACTIVE_ARCH = YES;
				SDKROOT = iphoneos;
				SWIFT_ACTIVE_COMPILATION_CONDITIONS = DEBUG;
				SWIFT_OPTIMIZATION_LEVEL = "-Onone";
			};
			name = Debug;
		};
		D04034CD293748E4006B2048 /* Release */ = {
			isa = XCBuildConfiguration;
			buildSettings = {
				ALWAYS_SEARCH_USER_PATHS = NO;
				CLANG_ANALYZER_NONNULL = YES;
				CLANG_ANALYZER_NUMBER_OBJECT_CONVERSION = YES_AGGRESSIVE;
				CLANG_CXX_LANGUAGE_STANDARD = "gnu++17";
				CLANG_ENABLE_MODULES = YES;
				CLANG_ENABLE_OBJC_ARC = YES;
				CLANG_ENABLE_OBJC_WEAK = YES;
				CLANG_WARN_BLOCK_CAPTURE_AUTORELEASING = YES;
				CLANG_WARN_BOOL_CONVERSION = YES;
				CLANG_WARN_COMMA = YES;
				CLANG_WARN_CONSTANT_CONVERSION = YES;
				CLANG_WARN_DEPRECATED_OBJC_IMPLEMENTATIONS = YES;
				CLANG_WARN_DIRECT_OBJC_ISA_USAGE = YES_ERROR;
				CLANG_WARN_DOCUMENTATION_COMMENTS = YES;
				CLANG_WARN_EMPTY_BODY = YES;
				CLANG_WARN_ENUM_CONVERSION = YES;
				CLANG_WARN_INFINITE_RECURSION = YES;
				CLANG_WARN_INT_CONVERSION = YES;
				CLANG_WARN_NON_LITERAL_NULL_CONVERSION = YES;
				CLANG_WARN_OBJC_IMPLICIT_RETAIN_SELF = YES;
				CLANG_WARN_OBJC_LITERAL_CONVERSION = YES;
				CLANG_WARN_OBJC_ROOT_CLASS = YES_ERROR;
				CLANG_WARN_QUOTED_INCLUDE_IN_FRAMEWORK_HEADER = YES;
				CLANG_WARN_RANGE_LOOP_ANALYSIS = YES;
				CLANG_WARN_STRICT_PROTOTYPES = YES;
				CLANG_WARN_SUSPICIOUS_MOVE = YES;
				CLANG_WARN_UNGUARDED_AVAILABILITY = YES_AGGRESSIVE;
				CLANG_WARN_UNREACHABLE_CODE = YES;
				CLANG_WARN__DUPLICATE_METHOD_MATCH = YES;
				COPY_PHASE_STRIP = NO;
				DEBUG_INFORMATION_FORMAT = "dwarf-with-dsym";
				ENABLE_NS_ASSERTIONS = NO;
				ENABLE_STRICT_OBJC_MSGSEND = YES;
				GCC_C_LANGUAGE_STANDARD = gnu11;
				GCC_NO_COMMON_BLOCKS = YES;
				GCC_WARN_64_TO_32_BIT_CONVERSION = YES;
				GCC_WARN_ABOUT_RETURN_TYPE = YES_ERROR;
				GCC_WARN_UNDECLARED_SELECTOR = YES;
				GCC_WARN_UNINITIALIZED_AUTOS = YES_AGGRESSIVE;
				GCC_WARN_UNUSED_FUNCTION = YES;
				GCC_WARN_UNUSED_VARIABLE = YES;
				IPHONEOS_DEPLOYMENT_TARGET = 15.5;
				MTL_ENABLE_DEBUG_INFO = NO;
				MTL_FAST_MATH = YES;
				SDKROOT = iphoneos;
				SWIFT_COMPILATION_MODE = wholemodule;
				SWIFT_OPTIMIZATION_LEVEL = "-O";
				VALIDATE_PRODUCT = YES;
			};
			name = Release;
		};
		D04034CF293748E4006B2048 /* Debug */ = {
			isa = XCBuildConfiguration;
			baseConfigurationReference = 7D3EE665DE448E2B4D669AC5 /* Pods-TabmanPractice.debug.xcconfig */;
			buildSettings = {
				ASSETCATALOG_COMPILER_APPICON_NAME = AppIcon;
				ASSETCATALOG_COMPILER_GLOBAL_ACCENT_COLOR_NAME = AccentColor;
				CODE_SIGN_STYLE = Automatic;
				CURRENT_PROJECT_VERSION = 1;
				DEVELOPMENT_TEAM = 66BU7QGW7Z;
				GENERATE_INFOPLIST_FILE = YES;
				INFOPLIST_FILE = TabmanPractice/Info.plist;
				INFOPLIST_KEY_UIApplicationSupportsIndirectInputEvents = YES;
				INFOPLIST_KEY_UILaunchStoryboardName = LaunchScreen;
				INFOPLIST_KEY_UIMainStoryboardFile = Main;
				INFOPLIST_KEY_UISupportedInterfaceOrientations_iPad = "UIInterfaceOrientationPortrait UIInterfaceOrientationPortraitUpsideDown UIInterfaceOrientationLandscapeLeft UIInterfaceOrientationLandscapeRight";
				INFOPLIST_KEY_UISupportedInterfaceOrientations_iPhone = "UIInterfaceOrientationPortrait UIInterfaceOrientationLandscapeLeft UIInterfaceOrientationLandscapeRight";
				LD_RUNPATH_SEARCH_PATHS = (
					"$(inherited)",
					"@executable_path/Frameworks",
				);
				MARKETING_VERSION = 1.0;
				PRODUCT_BUNDLE_IDENTIFIER = stu.inu.201802766.TabmanPractice;
				PRODUCT_NAME = "$(TARGET_NAME)";
				SWIFT_EMIT_LOC_STRINGS = YES;
				SWIFT_VERSION = 5.0;
				TARGETED_DEVICE_FAMILY = "1,2";
			};
			name = Debug;
		};
		D04034D0293748E4006B2048 /* Release */ = {
			isa = XCBuildConfiguration;
			baseConfigurationReference = FE8CBEF9595AA7DC5DE208B6 /* Pods-TabmanPractice.release.xcconfig */;
			buildSettings = {
				ASSETCATALOG_COMPILER_APPICON_NAME = AppIcon;
				ASSETCATALOG_COMPILER_GLOBAL_ACCENT_COLOR_NAME = AccentColor;
				CODE_SIGN_STYLE = Automatic;
				CURRENT_PROJECT_VERSION = 1;
				DEVELOPMENT_TEAM = 66BU7QGW7Z;
				GENERATE_INFOPLIST_FILE = YES;
				INFOPLIST_FILE = TabmanPractice/Info.plist;
				INFOPLIST_KEY_UIApplicationSupportsIndirectInputEvents = YES;
				INFOPLIST_KEY_UILaunchStoryboardName = LaunchScreen;
				INFOPLIST_KEY_UIMainStoryboardFile = Main;
				INFOPLIST_KEY_UISupportedInterfaceOrientations_iPad = "UIInterfaceOrientationPortrait UIInterfaceOrientationPortraitUpsideDown UIInterfaceOrientationLandscapeLeft UIInterfaceOrientationLandscapeRight";
				INFOPLIST_KEY_UISupportedInterfaceOrientations_iPhone = "UIInterfaceOrientationPortrait UIInterfaceOrientationLandscapeLeft UIInterfaceOrientationLandscapeRight";
				LD_RUNPATH_SEARCH_PATHS = (
					"$(inherited)",
					"@executable_path/Frameworks",
				);
				MARKETING_VERSION = 1.0;
				PRODUCT_BUNDLE_IDENTIFIER = stu.inu.201802766.TabmanPractice;
				PRODUCT_NAME = "$(TARGET_NAME)";
				SWIFT_EMIT_LOC_STRINGS = YES;
				SWIFT_VERSION = 5.0;
				TARGETED_DEVICE_FAMILY = "1,2";
			};
			name = Release;
		};
/* End XCBuildConfiguration section */

/* Begin XCConfigurationList section */
		D04034B5293748E3006B2048 /* Build configuration list for PBXProject "TabmanPractice" */ = {
			isa = XCConfigurationList;
			buildConfigurations = (
				D04034CC293748E4006B2048 /* Debug */,
				D04034CD293748E4006B2048 /* Release */,
			);
			defaultConfigurationIsVisible = 0;
			defaultConfigurationName = Release;
		};
		D04034CE293748E4006B2048 /* Build configuration list for PBXNativeTarget "TabmanPractice" */ = {
			isa = XCConfigurationList;
			buildConfigurations = (
				D04034CF293748E4006B2048 /* Debug */,
				D04034D0293748E4006B2048 /* Release */,
			);
			defaultConfigurationIsVisible = 0;
			defaultConfigurationName = Release;
		};
/* End XCConfigurationList section */
	};
	rootObject = D04034B2293748E3006B2048 /* Project object */;
}
